
Microsoft Visual Studio Solution File, Format Version 12.00
# Visual Studio Version 17
VisualStudioVersion = 17.3.32825.248
MinimumVisualStudioVersion = 10.0.40219.1
Project("{FAE04EC0-301F-11D3-BF4B-00C04F79EFBC}") = "AutoPiacWPF", "AutoPiacWPF\AutoPiacWPF.csproj", "{65134610-5C40-4908-A2F7-3C5E0D1DCBDC}"
EndProject
Global
	GlobalSection(SolutionConfigurationPlatforms) = preSolution
		Debug|Any CPU = Debug|Any CPU
		Release|Any CPU = Release|Any CPU
	EndGlobalSection
	GlobalSection(ProjectConfigurationPlatforms) = postSolution
		{65134610-5C40-4908-A2F7-3C5E0D1DCBDC}.Debug|Any CPU.ActiveCfg = Debug|Any CPU
		{65134610-5C40-4908-A2F7-3C5E0D1DCBDC}.Debug|Any CPU.Build.0 = Debug|Any CPU
		{65134610-5C40-4908-A2F7-3C5E0D1DCBDC}.Release|Any CPU.ActiveCfg = Release|Any CPU
		{65134610-5C40-4908-A2F7-3C5E0D1DCBDC}.Release|Any CPU.Build.0 = Release|Any CPU
	EndGlobalSection
	GlobalSection(SolutionProperties) = preSolution
		HideSolutionNode = FALSE
	EndGlobalSection
	GlobalSection(ExtensibilityGlobals) = postSolution
		SolutionGuid = {920C58C1-A68E-4E0F-AC85-41CE924D17EA}
	EndGlobalSection
EndGlobal
