
Microsoft Visual Studio Solution File, Format Version 12.00
# Visual Studio Version 17
VisualStudioVersion = 17.5.33530.505
MinimumVisualStudioVersion = 10.0.40219.1
Project("{FAE04EC0-301F-11D3-BF4B-00C04F79EFBC}") = "Szalkezeles", "Szalkezeles\Szalkezeles.csproj", "{23296A7E-D0E8-44EC-94F0-A901DEB0FA47}"
EndProject
Global
	GlobalSection(SolutionConfigurationPlatforms) = preSolution
		Debug|Any CPU = Debug|Any CPU
		Release|Any CPU = Release|Any CPU
	EndGlobalSection
	GlobalSection(ProjectConfigurationPlatforms) = postSolution
		{23296A7E-D0E8-44EC-94F0-A901DEB0FA47}.Debug|Any CPU.ActiveCfg = Debug|Any CPU
		{23296A7E-D0E8-44EC-94F0-A901DEB0FA47}.Debug|Any CPU.Build.0 = Debug|Any CPU
		{23296A7E-D0E8-44EC-94F0-A901DEB0FA47}.Release|Any CPU.ActiveCfg = Release|Any CPU
		{23296A7E-D0E8-44EC-94F0-A901DEB0FA47}.Release|Any CPU.Build.0 = Release|Any CPU
	EndGlobalSection
	GlobalSection(SolutionProperties) = preSolution
		HideSolutionNode = FALSE
	EndGlobalSection
	GlobalSection(ExtensibilityGlobals) = postSolution
		SolutionGuid = {AC557D9E-BE9D-419A-A4AE-FE51FEC2738A}
	EndGlobalSection
EndGlobal
