
Microsoft Visual Studio Solution File, Format Version 12.00
# Visual Studio Version 17
VisualStudioVersion = 17.5.33530.505
MinimumVisualStudioVersion = 10.0.40219.1
Project("{FAE04EC0-301F-11D3-BF4B-00C04F79EFBC}") = "BalatonCLI", "BalatonCLI\BalatonCLI.csproj", "{CE9BDBF3-A271-4CFF-9CEC-FF9EFC1EA5F3}"
EndProject
Project("{FAE04EC0-301F-11D3-BF4B-00C04F79EFBC}") = "BalatonCLITests", "BalatonCLITests\BalatonCLITests.csproj", "{3B0B99A8-1177-4476-A1AD-A866DA84F463}"
EndProject
Global
	GlobalSection(SolutionConfigurationPlatforms) = preSolution
		Debug|Any CPU = Debug|Any CPU
		Release|Any CPU = Release|Any CPU
	EndGlobalSection
	GlobalSection(ProjectConfigurationPlatforms) = postSolution
		{CE9BDBF3-A271-4CFF-9CEC-FF9EFC1EA5F3}.Debug|Any CPU.ActiveCfg = Debug|Any CPU
		{CE9BDBF3-A271-4CFF-9CEC-FF9EFC1EA5F3}.Debug|Any CPU.Build.0 = Debug|Any CPU
		{CE9BDBF3-A271-4CFF-9CEC-FF9EFC1EA5F3}.Release|Any CPU.ActiveCfg = Release|Any CPU
		{CE9BDBF3-A271-4CFF-9CEC-FF9EFC1EA5F3}.Release|Any CPU.Build.0 = Release|Any CPU
		{3B0B99A8-1177-4476-A1AD-A866DA84F463}.Debug|Any CPU.ActiveCfg = Debug|Any CPU
		{3B0B99A8-1177-4476-A1AD-A866DA84F463}.Debug|Any CPU.Build.0 = Debug|Any CPU
		{3B0B99A8-1177-4476-A1AD-A866DA84F463}.Release|Any CPU.ActiveCfg = Release|Any CPU
		{3B0B99A8-1177-4476-A1AD-A866DA84F463}.Release|Any CPU.Build.0 = Release|Any CPU
	EndGlobalSection
	GlobalSection(SolutionProperties) = preSolution
		HideSolutionNode = FALSE
	EndGlobalSection
	GlobalSection(ExtensibilityGlobals) = postSolution
		SolutionGuid = {E5D4EEF0-C336-4DD1-B144-6947415CC103}
	EndGlobalSection
EndGlobal
