
Microsoft Visual Studio Solution File, Format Version 12.00
# Visual Studio Version 17
VisualStudioVersion = 17.4.33110.190
MinimumVisualStudioVersion = 10.0.40219.1
Project("{FAE04EC0-301F-11D3-BF4B-00C04F79EFBC}") = "Iskola", "Iskola\Iskola.csproj", "{C7BA7AC6-0382-4B43-AE5E-FE3E5DC237D2}"
EndProject
Project("{FAE04EC0-301F-11D3-BF4B-00C04F79EFBC}") = "IskolaTests", "IskolaTests\IskolaTests.csproj", "{55EBB15A-D8C5-4579-9997-6D0222CE8025}"
EndProject
Global
	GlobalSection(SolutionConfigurationPlatforms) = preSolution
		Debug|Any CPU = Debug|Any CPU
		Release|Any CPU = Release|Any CPU
	EndGlobalSection
	GlobalSection(ProjectConfigurationPlatforms) = postSolution
		{C7BA7AC6-0382-4B43-AE5E-FE3E5DC237D2}.Debug|Any CPU.ActiveCfg = Debug|Any CPU
		{C7BA7AC6-0382-4B43-AE5E-FE3E5DC237D2}.Debug|Any CPU.Build.0 = Debug|Any CPU
		{C7BA7AC6-0382-4B43-AE5E-FE3E5DC237D2}.Release|Any CPU.ActiveCfg = Release|Any CPU
		{C7BA7AC6-0382-4B43-AE5E-FE3E5DC237D2}.Release|Any CPU.Build.0 = Release|Any CPU
		{55EBB15A-D8C5-4579-9997-6D0222CE8025}.Debug|Any CPU.ActiveCfg = Debug|Any CPU
		{55EBB15A-D8C5-4579-9997-6D0222CE8025}.Debug|Any CPU.Build.0 = Debug|Any CPU
		{55EBB15A-D8C5-4579-9997-6D0222CE8025}.Release|Any CPU.ActiveCfg = Release|Any CPU
		{55EBB15A-D8C5-4579-9997-6D0222CE8025}.Release|Any CPU.Build.0 = Release|Any CPU
	EndGlobalSection
	GlobalSection(SolutionProperties) = preSolution
		HideSolutionNode = FALSE
	EndGlobalSection
	GlobalSection(ExtensibilityGlobals) = postSolution
		SolutionGuid = {1C49045C-65D6-4E4C-8482-85E1BD50D170}
	EndGlobalSection
EndGlobal
