
Microsoft Visual Studio Solution File, Format Version 12.00
# Visual Studio Version 17
VisualStudioVersion = 17.5.33530.505
MinimumVisualStudioVersion = 10.0.40219.1
Project("{FAE04EC0-301F-11D3-BF4B-00C04F79EFBC}") = "haromszogekCLI", "haromszogekCLI\haromszogekCLI.csproj", "{3036B89C-6D4E-4BB1-B640-68B69B0752A2}"
EndProject
Project("{FAE04EC0-301F-11D3-BF4B-00C04F79EFBC}") = "haromszogekCLITests", "haromszogekCLITests\haromszogekCLITests.csproj", "{B2468BBA-8344-4E57-9FEB-9481642971B0}"
EndProject
Global
	GlobalSection(SolutionConfigurationPlatforms) = preSolution
		Debug|Any CPU = Debug|Any CPU
		Release|Any CPU = Release|Any CPU
	EndGlobalSection
	GlobalSection(ProjectConfigurationPlatforms) = postSolution
		{3036B89C-6D4E-4BB1-B640-68B69B0752A2}.Debug|Any CPU.ActiveCfg = Debug|Any CPU
		{3036B89C-6D4E-4BB1-B640-68B69B0752A2}.Debug|Any CPU.Build.0 = Debug|Any CPU
		{3036B89C-6D4E-4BB1-B640-68B69B0752A2}.Release|Any CPU.ActiveCfg = Release|Any CPU
		{3036B89C-6D4E-4BB1-B640-68B69B0752A2}.Release|Any CPU.Build.0 = Release|Any CPU
		{B2468BBA-8344-4E57-9FEB-9481642971B0}.Debug|Any CPU.ActiveCfg = Debug|Any CPU
		{B2468BBA-8344-4E57-9FEB-9481642971B0}.Debug|Any CPU.Build.0 = Debug|Any CPU
		{B2468BBA-8344-4E57-9FEB-9481642971B0}.Release|Any CPU.ActiveCfg = Release|Any CPU
		{B2468BBA-8344-4E57-9FEB-9481642971B0}.Release|Any CPU.Build.0 = Release|Any CPU
	EndGlobalSection
	GlobalSection(SolutionProperties) = preSolution
		HideSolutionNode = FALSE
	EndGlobalSection
	GlobalSection(ExtensibilityGlobals) = postSolution
		SolutionGuid = {059818C6-E40D-4B88-A5C2-863F48D54233}
	EndGlobalSection
EndGlobal
