
Microsoft Visual Studio Solution File, Format Version 12.00
# Visual Studio Version 16
VisualStudioVersion = 16.0.33027.164
MinimumVisualStudioVersion = 10.0.40219.1
Project("{FAE04EC0-301F-11D3-BF4B-00C04F79EFBC}") = "IskolaWPF", "IskolaWPF\IskolaWPF.csproj", "{020FAD73-A45C-49A0-8A52-C835C2E89185}"
EndProject
Global
	GlobalSection(SolutionConfigurationPlatforms) = preSolution
		Debug|Any CPU = Debug|Any CPU
		Release|Any CPU = Release|Any CPU
	EndGlobalSection
	GlobalSection(ProjectConfigurationPlatforms) = postSolution
		{020FAD73-A45C-49A0-8A52-C835C2E89185}.Debug|Any CPU.ActiveCfg = Debug|Any CPU
		{020FAD73-A45C-49A0-8A52-C835C2E89185}.Debug|Any CPU.Build.0 = Debug|Any CPU
		{020FAD73-A45C-49A0-8A52-C835C2E89185}.Release|Any CPU.ActiveCfg = Release|Any CPU
		{020FAD73-A45C-49A0-8A52-C835C2E89185}.Release|Any CPU.Build.0 = Release|Any CPU
	EndGlobalSection
	GlobalSection(SolutionProperties) = preSolution
		HideSolutionNode = FALSE
	EndGlobalSection
	GlobalSection(ExtensibilityGlobals) = postSolution
		SolutionGuid = {3D3CC69B-7C7A-4EFB-A64A-0254BDBE7BD0}
	EndGlobalSection
EndGlobal
