
Microsoft Visual Studio Solution File, Format Version 12.00
# Visual Studio Version 17
VisualStudioVersion = 17.3.32825.248
MinimumVisualStudioVersion = 10.0.40219.1
Project("{FAE04EC0-301F-11D3-BF4B-00C04F79EFBC}") = "AutoPiac", "AutoPiac\AutoPiac.csproj", "{576B2E70-E148-45F3-81F1-E99DB6CC03CB}"
EndProject
Global
	GlobalSection(SolutionConfigurationPlatforms) = preSolution
		Debug|Any CPU = Debug|Any CPU
		Release|Any CPU = Release|Any CPU
	EndGlobalSection
	GlobalSection(ProjectConfigurationPlatforms) = postSolution
		{576B2E70-E148-45F3-81F1-E99DB6CC03CB}.Debug|Any CPU.ActiveCfg = Debug|Any CPU
		{576B2E70-E148-45F3-81F1-E99DB6CC03CB}.Debug|Any CPU.Build.0 = Debug|Any CPU
		{576B2E70-E148-45F3-81F1-E99DB6CC03CB}.Release|Any CPU.ActiveCfg = Release|Any CPU
		{576B2E70-E148-45F3-81F1-E99DB6CC03CB}.Release|Any CPU.Build.0 = Release|Any CPU
	EndGlobalSection
	GlobalSection(SolutionProperties) = preSolution
		HideSolutionNode = FALSE
	EndGlobalSection
	GlobalSection(ExtensibilityGlobals) = postSolution
		SolutionGuid = {D711E496-BC72-437A-A038-44330E4EEF32}
	EndGlobalSection
EndGlobal
