
Microsoft Visual Studio Solution File, Format Version 12.00
# Visual Studio Version 17
VisualStudioVersion = 17.4.33110.190
MinimumVisualStudioVersion = 10.0.40219.1
Project("{FAE04EC0-301F-11D3-BF4B-00C04F79EFBC}") = "Proba1WPF", "Proba1WPF\Proba1WPF.csproj", "{2939BBFB-7538-40AC-BCAD-133F1F52248C}"
EndProject
Global
	GlobalSection(SolutionConfigurationPlatforms) = preSolution
		Debug|Any CPU = Debug|Any CPU
		Release|Any CPU = Release|Any CPU
	EndGlobalSection
	GlobalSection(ProjectConfigurationPlatforms) = postSolution
		{2939BBFB-7538-40AC-BCAD-133F1F52248C}.Debug|Any CPU.ActiveCfg = Debug|Any CPU
		{2939BBFB-7538-40AC-BCAD-133F1F52248C}.Debug|Any CPU.Build.0 = Debug|Any CPU
		{2939BBFB-7538-40AC-BCAD-133F1F52248C}.Release|Any CPU.ActiveCfg = Release|Any CPU
		{2939BBFB-7538-40AC-BCAD-133F1F52248C}.Release|Any CPU.Build.0 = Release|Any CPU
	EndGlobalSection
	GlobalSection(SolutionProperties) = preSolution
		HideSolutionNode = FALSE
	EndGlobalSection
	GlobalSection(ExtensibilityGlobals) = postSolution
		SolutionGuid = {42A93FBB-1F14-4991-9718-BD64C1ABE29E}
	EndGlobalSection
EndGlobal
